<?xml version="1.0" encoding="utf-8"?>
<Project ToolsVersion="4.0" xmlns="http://schemas.microsoft.com/developer/msbuild/2003">
  <ItemGroup>
    <Filter Include="Resource Files">
      <UniqueIdentifier>{67DA6AB6-F800-4c08-8B7A-83BB121AAD01}</UniqueIdentifier>
      <Extensions>rc;ico;cur;bmp;dlg;rc2;rct;bin;rgs;gif;jpg;jpeg;jpe;resx;tiff;tif;png;wav;mfcribbon-ms</Extensions>
    </Filter>
    <Filter Include="Precompiled">
      <UniqueIdentifier>{503ce155-8fab-4865-80bf-a87318c2dd2b}</UniqueIdentifier>
    </Filter>
    <Filter Include="Window">
      <UniqueIdentifier>{99b28fa3-6f05-4558-82df-1e77fec69492}</UniqueIdentifier>
    </Filter>
    <Filter Include="DirectX11">
      <UniqueIdentifier>{c7c02ffd-b81f-4376-a876-a59cb2092ef5}</UniqueIdentifier>
    </Filter>
  </ItemGroup>
  <ItemGroup>
    <ClInclude Include="framework.h">
      <Filter>Precompiled</Filter>
    </ClInclude>
    <ClInclude Include="Resource.h">
      <Filter>Resource Files</Filter>
    </ClInclude>
    <ClInclude Include="targetver.h">
      <Filter>Resource Files</Filter>
    </ClInclude>
    <ClInclude Include="ServerAdmin.h">
      <Filter>Precompiled</Filter>
    </ClInclude>
    <ClInclude Include="DirectX11Framework.h">
      <Filter>DirectX11</Filter>
    </ClInclude>
    <ClInclude Include="Window.h">
      <Filter>Window</Filter>
    </ClInclude>
    <ClInclude Include="WorldServer.h" />
  </ItemGroup>
  <ItemGroup>
    <ResourceCompile Include="ServerAdmin.rc">
      <Filter>Resource Files</Filter>
    </ResourceCompile>
  </ItemGroup>
  <ItemGroup>
    <Image Include="small.ico">
      <Filter>Resource Files</Filter>
    </Image>
    <Image Include="ServerAdmin.ico">
      <Filter>Resource Files</Filter>
    </Image>
  </ItemGroup>
  <ItemGroup>
    <ClCompile Include="Main.cpp" />
    <ClCompile Include="DirectX11Framework.cpp">
      <Filter>DirectX11</Filter>
    </ClCompile>
    <ClCompile Include="Window.cpp">
      <Filter>Window</Filter>
    </ClCompile>
    <ClCompile Include="WorldServer.cpp" />
  </ItemGroup>
</Project>