<?xml version="1.0" encoding="utf-8"?>
<Project ToolsVersion="4.0" xmlns="http://schemas.microsoft.com/developer/msbuild/2003">
  <ItemGroup>
    <Filter Include="Precompiled">
      <UniqueIdentifier>{5f0cba3b-5586-4522-b4c5-cbc3cc0e666f}</UniqueIdentifier>
    </Filter>
    <Filter Include="Socket">
      <UniqueIdentifier>{4a7fc01a-3719-489f-bb5f-b0db1252458b}</UniqueIdentifier>
    </Filter>
    <Filter Include="Address">
      <UniqueIdentifier>{c8180423-3947-4f95-b837-9207857bdf55}</UniqueIdentifier>
    </Filter>
    <Filter Include="Context">
      <UniqueIdentifier>{c5369340-eff4-44d7-a3e1-53499385db65}</UniqueIdentifier>
    </Filter>
    <Filter Include="Server">
      <UniqueIdentifier>{cbf8b97c-295a-461c-b52a-9a1623dae30d}</UniqueIdentifier>
    </Filter>
    <Filter Include="Timer">
      <UniqueIdentifier>{1aa8cc70-a0ae-41dc-8c04-e3459bbae916}</UniqueIdentifier>
    </Filter>
    <Filter Include="NetMessage">
      <UniqueIdentifier>{542657d4-707f-486a-8fb4-5a044d534133}</UniqueIdentifier>
    </Filter>
  </ItemGroup>
  <ItemGroup>
    <ClInclude Include="framework.h">
      <Filter>Precompiled</Filter>
    </ClInclude>
    <ClInclude Include="pch.h">
      <Filter>Precompiled</Filter>
    </ClInclude>
    <ClInclude Include="Config.h" />
    <ClInclude Include="Socket\UDPSocket.h">
      <Filter>Socket</Filter>
    </ClInclude>
    <ClInclude Include="Socket\Socket.h">
      <Filter>Socket</Filter>
    </ClInclude>
    <ClInclude Include="Address\Address.h">
      <Filter>Address</Filter>
    </ClInclude>
    <ClInclude Include="Context\Context.h">
      <Filter>Context</Filter>
    </ClInclude>
    <ClInclude Include="Server\Server.h">
      <Filter>Server</Filter>
    </ClInclude>
    <ClInclude Include="Common.h" />
    <ClInclude Include="Timer\Timer.h">
      <Filter>Timer</Filter>
    </ClInclude>
    <ClInclude Include="NetMessage\NetMessage.h">
      <Filter>NetMessage</Filter>
    </ClInclude>
    <ClInclude Include="NetMessage\NetMessageQueue.hpp">
      <Filter>NetMessage</Filter>
    </ClInclude>
    <ClInclude Include="NetMessage\ReliableNetMessageQueue.h">
      <Filter>NetMessage</Filter>
    </ClInclude>
    <ClInclude Include="ConnectionStatus.h" />
  </ItemGroup>
  <ItemGroup>
    <ClCompile Include="pch.cpp">
      <Filter>Precompiled</Filter>
    </ClCompile>
    <ClCompile Include="Socket\UDPSocket.cpp">
      <Filter>Socket</Filter>
    </ClCompile>
    <ClCompile Include="Socket\Socket.cpp">
      <Filter>Socket</Filter>
    </ClCompile>
    <ClCompile Include="Address\Address.cpp">
      <Filter>Address</Filter>
    </ClCompile>
    <ClCompile Include="Context\Context.cpp">
      <Filter>Context</Filter>
    </ClCompile>
    <ClCompile Include="Server\Server.cpp">
      <Filter>Server</Filter>
    </ClCompile>
    <ClCompile Include="Timer\Timer.cpp">
      <Filter>Timer</Filter>
    </ClCompile>
    <ClCompile Include="NetMessage\NetMessage.cpp">
      <Filter>NetMessage</Filter>
    </ClCompile>
    <ClCompile Include="NetMessage\ReliableNetMessageQueue.cpp">
      <Filter>NetMessage</Filter>
    </ClCompile>
  </ItemGroup>
</Project>