
Microsoft Visual Studio Solution File, Format Version 12.00
# Visual Studio Version 16
VisualStudioVersion = 16.0.31019.35
MinimumVisualStudioVersion = 10.0.40219.1
Project("{8BC9CEB8-8B4A-11D0-8D11-00A0C91BC942}") = "ServerAdmin", "ServerAdmin\ServerAdmin.vcxproj", "{5DBA2FE7-E721-4779-85D8-605A3A77C6C8}"
	ProjectSection(ProjectDependencies) = postProject
		{F8D69C01-CCD5-409E-934F-42BB97FCFBFD} = {F8D69C01-CCD5-409E-934F-42BB97FCFBFD}
		{39F2CF4F-227D-456D-8C4F-CCBCD36A3CBA} = {39F2CF4F-227D-456D-8C4F-CCBCD36A3CBA}
		{9DDDCFD9-6C98-40FA-9632-C7B08D9E40EA} = {9DDDCFD9-6C98-40FA-9632-C7B08D9E40EA}
	EndProjectSection
EndProject
Project("{8BC9CEB8-8B4A-11D0-8D11-00A0C91BC942}") = "ImGui", "ImGui\ImGui.vcxproj", "{39F2CF4F-227D-456D-8C4F-CCBCD36A3CBA}"
EndProject
Project("{8BC9CEB8-8B4A-11D0-8D11-00A0C91BC942}") = "Network", "Network\Network.vcxproj", "{9DDDCFD9-6C98-40FA-9632-C7B08D9E40EA}"
EndProject
Project("{8BC9CEB8-8B4A-11D0-8D11-00A0C91BC942}") = "GameClient", "GameClient\GameClient.vcxproj", "{1371E19F-43BD-4BAB-910E-146E641EAC3F}"
	ProjectSection(ProjectDependencies) = postProject
		{9DDDCFD9-6C98-40FA-9632-C7B08D9E40EA} = {9DDDCFD9-6C98-40FA-9632-C7B08D9E40EA}
	EndProjectSection
EndProject
Project("{8BC9CEB8-8B4A-11D0-8D11-00A0C91BC942}") = "AreaServer", "AreaServer\AreaServer.vcxproj", "{5E4B157B-5235-45F3-88BA-62D7E702960B}"
	ProjectSection(ProjectDependencies) = postProject
		{9DDDCFD9-6C98-40FA-9632-C7B08D9E40EA} = {9DDDCFD9-6C98-40FA-9632-C7B08D9E40EA}
	EndProjectSection
EndProject
Project("{8BC9CEB8-8B4A-11D0-8D11-00A0C91BC942}") = "Game", "Game\Game.vcxproj", "{F8D69C01-CCD5-409E-934F-42BB97FCFBFD}"
EndProject
Project("{8BC9CEB8-8B4A-11D0-8D11-00A0C91BC942}") = "CommonUtilities", "CommonUtilities\CommonUtilities\CommonUtilities.vcxproj", "{4FD58EEC-BDCB-4434-80B2-41A0611EF328}"
EndProject
Global
	GlobalSection(SolutionConfigurationPlatforms) = preSolution
		Debug|x64 = Debug|x64
		Release|x64 = Release|x64
	EndGlobalSection
	GlobalSection(ProjectConfigurationPlatforms) = postSolution
		{5DBA2FE7-E721-4779-85D8-605A3A77C6C8}.Debug|x64.ActiveCfg = Debug|x64
		{5DBA2FE7-E721-4779-85D8-605A3A77C6C8}.Debug|x64.Build.0 = Debug|x64
		{5DBA2FE7-E721-4779-85D8-605A3A77C6C8}.Release|x64.ActiveCfg = Release|x64
		{5DBA2FE7-E721-4779-85D8-605A3A77C6C8}.Release|x64.Build.0 = Release|x64
		{39F2CF4F-227D-456D-8C4F-CCBCD36A3CBA}.Debug|x64.ActiveCfg = Debug|x64
		{39F2CF4F-227D-456D-8C4F-CCBCD36A3CBA}.Debug|x64.Build.0 = Debug|x64
		{39F2CF4F-227D-456D-8C4F-CCBCD36A3CBA}.Release|x64.ActiveCfg = Release|x64
		{39F2CF4F-227D-456D-8C4F-CCBCD36A3CBA}.Release|x64.Build.0 = Release|x64
		{9DDDCFD9-6C98-40FA-9632-C7B08D9E40EA}.Debug|x64.ActiveCfg = Debug|x64
		{9DDDCFD9-6C98-40FA-9632-C7B08D9E40EA}.Debug|x64.Build.0 = Debug|x64
		{9DDDCFD9-6C98-40FA-9632-C7B08D9E40EA}.Release|x64.ActiveCfg = Release|x64
		{9DDDCFD9-6C98-40FA-9632-C7B08D9E40EA}.Release|x64.Build.0 = Release|x64
		{1371E19F-43BD-4BAB-910E-146E641EAC3F}.Debug|x64.ActiveCfg = Debug|x64
		{1371E19F-43BD-4BAB-910E-146E641EAC3F}.Debug|x64.Build.0 = Debug|x64
		{1371E19F-43BD-4BAB-910E-146E641EAC3F}.Release|x64.ActiveCfg = Release|x64
		{1371E19F-43BD-4BAB-910E-146E641EAC3F}.Release|x64.Build.0 = Release|x64
		{5E4B157B-5235-45F3-88BA-62D7E702960B}.Debug|x64.ActiveCfg = Debug|x64
		{5E4B157B-5235-45F3-88BA-62D7E702960B}.Debug|x64.Build.0 = Debug|x64
		{5E4B157B-5235-45F3-88BA-62D7E702960B}.Release|x64.ActiveCfg = Release|x64
		{5E4B157B-5235-45F3-88BA-62D7E702960B}.Release|x64.Build.0 = Release|x64
		{F8D69C01-CCD5-409E-934F-42BB97FCFBFD}.Debug|x64.ActiveCfg = Debug|x64
		{F8D69C01-CCD5-409E-934F-42BB97FCFBFD}.Debug|x64.Build.0 = Debug|x64
		{F8D69C01-CCD5-409E-934F-42BB97FCFBFD}.Release|x64.ActiveCfg = Release|x64
		{F8D69C01-CCD5-409E-934F-42BB97FCFBFD}.Release|x64.Build.0 = Release|x64
		{4FD58EEC-BDCB-4434-80B2-41A0611EF328}.Debug|x64.ActiveCfg = Debug|x64
		{4FD58EEC-BDCB-4434-80B2-41A0611EF328}.Debug|x64.Build.0 = Debug|x64
		{4FD58EEC-BDCB-4434-80B2-41A0611EF328}.Release|x64.ActiveCfg = Release|x64
		{4FD58EEC-BDCB-4434-80B2-41A0611EF328}.Release|x64.Build.0 = Release|x64
	EndGlobalSection
	GlobalSection(SolutionProperties) = preSolution
		HideSolutionNode = FALSE
	EndGlobalSection
	GlobalSection(ExtensibilityGlobals) = postSolution
		SolutionGuid = {ACB38AB5-C6D8-4CC4-8B2E-53E5ACDEF7FE}
	EndGlobalSection
EndGlobal
